
Microsoft Visual Studio Solution File, Format Version 12.00
# Visual Studio 2017
Project("{FAE04EC0-301F-11D3-BF4B-00C04F79EFBC}") = "Modern Survival.Plugins", "Modern Survival.Plugins.csproj", "{05731031-4A5E-3492-3A01-59FC58234F11}"
EndProject
Project("{FAE04EC0-301F-11D3-BF4B-00C04F79EFBC}") = "Modern Survival", "Modern Survival.csproj", "{1E5EB41B-4F88-E9AA-CD0D-83D0FEAA9B41}"
EndProject
Project("{FAE04EC0-301F-11D3-BF4B-00C04F79EFBC}") = "Modern Survival.Editor.Plugins", "Modern Survival.Editor.Plugins.csproj", "{2C3EF127-0EB3-698B-D880-4ACACB347A5D}"
EndProject
Project("{FAE04EC0-301F-11D3-BF4B-00C04F79EFBC}") = "UnityEditor.StandardEvents", "UnityEditor.StandardEvents.csproj", "{6800202F-4402-D405-F8CB-03DC7BD78B92}"
EndProject
Project("{FAE04EC0-301F-11D3-BF4B-00C04F79EFBC}") = "Modern Survival.Editor", "Modern Survival.Editor.csproj", "{E817BC6B-9D8A-535E-E426-D309EA6F1139}"
EndProject
Global
	GlobalSection(SolutionConfigurationPlatforms) = preSolution
		Debug|Any CPU = Debug|Any CPU
		Release|Any CPU = Release|Any CPU
	EndGlobalSection
	GlobalSection(ProjectConfigurationPlatforms) = postSolution
		{05731031-4A5E-3492-3A01-59FC58234F11}.Debug|Any CPU.ActiveCfg = Debug|Any CPU
		{05731031-4A5E-3492-3A01-59FC58234F11}.Debug|Any CPU.Build.0 = Debug|Any CPU
		{05731031-4A5E-3492-3A01-59FC58234F11}.Release|Any CPU.ActiveCfg = Release|Any CPU
		{05731031-4A5E-3492-3A01-59FC58234F11}.Release|Any CPU.Build.0 = Release|Any CPU
		{1E5EB41B-4F88-E9AA-CD0D-83D0FEAA9B41}.Debug|Any CPU.ActiveCfg = Debug|Any CPU
		{1E5EB41B-4F88-E9AA-CD0D-83D0FEAA9B41}.Debug|Any CPU.Build.0 = Debug|Any CPU
		{1E5EB41B-4F88-E9AA-CD0D-83D0FEAA9B41}.Release|Any CPU.ActiveCfg = Release|Any CPU
		{1E5EB41B-4F88-E9AA-CD0D-83D0FEAA9B41}.Release|Any CPU.Build.0 = Release|Any CPU
		{2C3EF127-0EB3-698B-D880-4ACACB347A5D}.Debug|Any CPU.ActiveCfg = Debug|Any CPU
		{2C3EF127-0EB3-698B-D880-4ACACB347A5D}.Debug|Any CPU.Build.0 = Debug|Any CPU
		{2C3EF127-0EB3-698B-D880-4ACACB347A5D}.Release|Any CPU.ActiveCfg = Release|Any CPU
		{2C3EF127-0EB3-698B-D880-4ACACB347A5D}.Release|Any CPU.Build.0 = Release|Any CPU
		{6800202F-4402-D405-F8CB-03DC7BD78B92}.Debug|Any CPU.ActiveCfg = Debug|Any CPU
		{6800202F-4402-D405-F8CB-03DC7BD78B92}.Debug|Any CPU.Build.0 = Debug|Any CPU
		{6800202F-4402-D405-F8CB-03DC7BD78B92}.Release|Any CPU.ActiveCfg = Release|Any CPU
		{6800202F-4402-D405-F8CB-03DC7BD78B92}.Release|Any CPU.Build.0 = Release|Any CPU
		{E817BC6B-9D8A-535E-E426-D309EA6F1139}.Debug|Any CPU.ActiveCfg = Debug|Any CPU
		{E817BC6B-9D8A-535E-E426-D309EA6F1139}.Debug|Any CPU.Build.0 = Debug|Any CPU
		{E817BC6B-9D8A-535E-E426-D309EA6F1139}.Release|Any CPU.ActiveCfg = Release|Any CPU
		{E817BC6B-9D8A-535E-E426-D309EA6F1139}.Release|Any CPU.Build.0 = Release|Any CPU
	EndGlobalSection
	GlobalSection(SolutionProperties) = preSolution
		HideSolutionNode = FALSE
	EndGlobalSection
EndGlobal
