
Microsoft Visual Studio Solution File, Format Version 12.00
# Visual Studio 15
Project("{FAE04EC0-301F-11D3-BF4B-00C04F79EFBC}") = "Modern Survival", "Assembly-CSharp-firstpass.csproj", "{96F036FE-EA68-3F8E-76EF-9C3F20269915}"
EndProject
Project("{FAE04EC0-301F-11D3-BF4B-00C04F79EFBC}") = "Modern Survival", "Assembly-CSharp.csproj", "{5E716EEB-16DB-7032-DDF6-E92EF93109A9}"
EndProject
Project("{FAE04EC0-301F-11D3-BF4B-00C04F79EFBC}") = "Modern Survival", "Assembly-CSharp-Editor-firstpass.csproj", "{D184DD41-3890-3290-7E42-4214D107FE79}"
EndProject
Project("{FAE04EC0-301F-11D3-BF4B-00C04F79EFBC}") = "Modern Survival", "Assembly-CSharp-Editor.csproj", "{06C6F9EB-3A1D-A6D3-D8A6-D188929F47D7}"
EndProject
Global
	GlobalSection(SolutionConfigurationPlatforms) = preSolution
		Debug|Any CPU = Debug|Any CPU
		Release|Any CPU = Release|Any CPU
	EndGlobalSection
	GlobalSection(ProjectConfigurationPlatforms) = postSolution
		{96F036FE-EA68-3F8E-76EF-9C3F20269915}.Debug|Any CPU.ActiveCfg = Debug|Any CPU
		{96F036FE-EA68-3F8E-76EF-9C3F20269915}.Debug|Any CPU.Build.0 = Debug|Any CPU
		{96F036FE-EA68-3F8E-76EF-9C3F20269915}.Release|Any CPU.ActiveCfg = Release|Any CPU
		{96F036FE-EA68-3F8E-76EF-9C3F20269915}.Release|Any CPU.Build.0 = Release|Any CPU
		{5E716EEB-16DB-7032-DDF6-E92EF93109A9}.Debug|Any CPU.ActiveCfg = Debug|Any CPU
		{5E716EEB-16DB-7032-DDF6-E92EF93109A9}.Debug|Any CPU.Build.0 = Debug|Any CPU
		{5E716EEB-16DB-7032-DDF6-E92EF93109A9}.Release|Any CPU.ActiveCfg = Release|Any CPU
		{5E716EEB-16DB-7032-DDF6-E92EF93109A9}.Release|Any CPU.Build.0 = Release|Any CPU
		{D184DD41-3890-3290-7E42-4214D107FE79}.Debug|Any CPU.ActiveCfg = Debug|Any CPU
		{D184DD41-3890-3290-7E42-4214D107FE79}.Debug|Any CPU.Build.0 = Debug|Any CPU
		{D184DD41-3890-3290-7E42-4214D107FE79}.Release|Any CPU.ActiveCfg = Release|Any CPU
		{D184DD41-3890-3290-7E42-4214D107FE79}.Release|Any CPU.Build.0 = Release|Any CPU
		{06C6F9EB-3A1D-A6D3-D8A6-D188929F47D7}.Debug|Any CPU.ActiveCfg = Debug|Any CPU
		{06C6F9EB-3A1D-A6D3-D8A6-D188929F47D7}.Debug|Any CPU.Build.0 = Debug|Any CPU
		{06C6F9EB-3A1D-A6D3-D8A6-D188929F47D7}.Release|Any CPU.ActiveCfg = Release|Any CPU
		{06C6F9EB-3A1D-A6D3-D8A6-D188929F47D7}.Release|Any CPU.Build.0 = Release|Any CPU
	EndGlobalSection
	GlobalSection(SolutionProperties) = preSolution
		HideSolutionNode = FALSE
	EndGlobalSection
EndGlobal
